
Microsoft Visual Studio Solution File, Format Version 12.00
# Visual Studio Version 16
VisualStudioVersion = 16.0.29609.76
MinimumVisualStudioVersion = 10.0.40219.1
Project("{FAE04EC0-301F-11D3-BF4B-00C04F79EFBC}") = "RunIt", "RunIt\RunIt.csproj", "{ED22A13B-7060-468D-A6AD-F4B118C28055}"
EndProject
Project("{FAE04EC0-301F-11D3-BF4B-00C04F79EFBC}") = "PostVagrantUpdatesToServer", "PostVagrantUpdatesToServer\PostVagrantUpdatesToServer.csproj", "{271BDCC0-5259-4561-BA1C-C99D119C7600}"
EndProject
Global
	GlobalSection(SolutionConfigurationPlatforms) = preSolution
		Debug|Any CPU = Debug|Any CPU
		Release|Any CPU = Release|Any CPU
	EndGlobalSection
	GlobalSection(ProjectConfigurationPlatforms) = postSolution
		{ED22A13B-7060-468D-A6AD-F4B118C28055}.Debug|Any CPU.ActiveCfg = Debug|Any CPU
		{ED22A13B-7060-468D-A6AD-F4B118C28055}.Debug|Any CPU.Build.0 = Debug|Any CPU
		{ED22A13B-7060-468D-A6AD-F4B118C28055}.Release|Any CPU.ActiveCfg = Release|Any CPU
		{ED22A13B-7060-468D-A6AD-F4B118C28055}.Release|Any CPU.Build.0 = Release|Any CPU
		{271BDCC0-5259-4561-BA1C-C99D119C7600}.Debug|Any CPU.ActiveCfg = Debug|Any CPU
		{271BDCC0-5259-4561-BA1C-C99D119C7600}.Debug|Any CPU.Build.0 = Debug|Any CPU
		{271BDCC0-5259-4561-BA1C-C99D119C7600}.Release|Any CPU.ActiveCfg = Release|Any CPU
		{271BDCC0-5259-4561-BA1C-C99D119C7600}.Release|Any CPU.Build.0 = Release|Any CPU
	EndGlobalSection
	GlobalSection(SolutionProperties) = preSolution
		HideSolutionNode = FALSE
	EndGlobalSection
	GlobalSection(ExtensibilityGlobals) = postSolution
		SolutionGuid = {23687AA0-3B1D-4167-A099-586A7EECB0D4}
	EndGlobalSection
EndGlobal
